// !$*UTF8*$!
{
	archiveVersion = 1;
	classes = {
	};
	objectVersion = 55;
	objects = {

/* Begin PBXBuildFile section */
		3F66021BA5A114DEBFDF3868 /* Pods_Twitter_Clone.framework in Frameworks */ = {isa = PBXBuildFile; fileRef = 7B9897E1275F696DD9719632 /* Pods_Twitter_Clone.framework */; };
		D4A84EC02902795E000B183A /* UserSerivce.swift in Sources */ = {isa = PBXBuildFile; fileRef = D4A84EBF2902795E000B183A /* UserSerivce.swift */; };
		D4A84EC2290286A8000B183A /* User.swift in Sources */ = {isa = PBXBuildFile; fileRef = D4A84EC1290286A8000B183A /* User.swift */; };
		D4A84EC42902BFB4000B183A /* UploadTweetController.swift in Sources */ = {isa = PBXBuildFile; fileRef = D4A84EC32902BFB4000B183A /* UploadTweetController.swift */; };
		D4A84EC62902D91E000B183A /* CaptionTextView.swift in Sources */ = {isa = PBXBuildFile; fileRef = D4A84EC52902D91E000B183A /* CaptionTextView.swift */; };
		D4A84EC82902E554000B183A /* TweetService.swift in Sources */ = {isa = PBXBuildFile; fileRef = D4A84EC72902E554000B183A /* TweetService.swift */; };
		D4A84ECA2903C8D0000B183A /* Tweet.swift in Sources */ = {isa = PBXBuildFile; fileRef = D4A84EC92903C8D0000B183A /* Tweet.swift */; };
		D4D424EB28FD8F9B00C136B3 /* AppDelegate.swift in Sources */ = {isa = PBXBuildFile; fileRef = D4D424EA28FD8F9B00C136B3 /* AppDelegate.swift */; };
		D4D424ED28FD8F9B00C136B3 /* SceneDelegate.swift in Sources */ = {isa = PBXBuildFile; fileRef = D4D424EC28FD8F9B00C136B3 /* SceneDelegate.swift */; };
		D4D424F228FD8F9B00C136B3 /* Main.storyboard in Resources */ = {isa = PBXBuildFile; fileRef = D4D424F028FD8F9B00C136B3 /* Main.storyboard */; };
		D4D424F428FD8F9D00C136B3 /* Assets.xcassets in Resources */ = {isa = PBXBuildFile; fileRef = D4D424F328FD8F9D00C136B3 /* Assets.xcassets */; };
		D4D424F728FD8F9D00C136B3 /* LaunchScreen.storyboard in Resources */ = {isa = PBXBuildFile; fileRef = D4D424F528FD8F9D00C136B3 /* LaunchScreen.storyboard */; };
		D4D4250528FD90E600C136B3 /* MainTabController.swift in Sources */ = {isa = PBXBuildFile; fileRef = D4D4250428FD90E600C136B3 /* MainTabController.swift */; };
		D4D4250728FEEC3800C136B3 /* FeedController.swift in Sources */ = {isa = PBXBuildFile; fileRef = D4D4250628FEEC3800C136B3 /* FeedController.swift */; };
		D4D4250928FEEC9100C136B3 /* ExploreController.swift in Sources */ = {isa = PBXBuildFile; fileRef = D4D4250828FEEC9100C136B3 /* ExploreController.swift */; };
		D4D4250B28FEECB500C136B3 /* NotificationsController.swift in Sources */ = {isa = PBXBuildFile; fileRef = D4D4250A28FEECB500C136B3 /* NotificationsController.swift */; };
		D4D4250D28FEECE400C136B3 /* ConversationsController.swift in Sources */ = {isa = PBXBuildFile; fileRef = D4D4250C28FEECE400C136B3 /* ConversationsController.swift */; };
		D4D4250F28FFDA6E00C136B3 /* Extensions.swift in Sources */ = {isa = PBXBuildFile; fileRef = D4D4250E28FFDA6E00C136B3 /* Extensions.swift */; };
		D4D4251229002AE600C136B3 /* LoginController.swift in Sources */ = {isa = PBXBuildFile; fileRef = D4D4251129002AE600C136B3 /* LoginController.swift */; };
		D4D4251429002B6200C136B3 /* RegistrationController.swift in Sources */ = {isa = PBXBuildFile; fileRef = D4D4251329002B6200C136B3 /* RegistrationController.swift */; };
		D4D425162900459D00C136B3 /* Utilities.swift in Sources */ = {isa = PBXBuildFile; fileRef = D4D425152900459D00C136B3 /* Utilities.swift */; };
		D4D42518290086B500C136B3 /* GoogleService-Info.plist in Resources */ = {isa = PBXBuildFile; fileRef = D4D42517290086B500C136B3 /* GoogleService-Info.plist */; };
		D4D4251A29019F2E00C136B3 /* Constants.swift in Sources */ = {isa = PBXBuildFile; fileRef = D4D4251929019F2E00C136B3 /* Constants.swift */; };
		D4D4251C2901D83100C136B3 /* AuthService.swift in Sources */ = {isa = PBXBuildFile; fileRef = D4D4251B2901D83100C136B3 /* AuthService.swift */; };
/* End PBXBuildFile section */

/* Begin PBXFileReference section */
		0A9069EC0BBB1EDF13212081 /* Pods-Twitter-Clone.release.xcconfig */ = {isa = PBXFileReference; includeInIndex = 1; lastKnownFileType = text.xcconfig; name = "Pods-Twitter-Clone.release.xcconfig"; path = "Target Support Files/Pods-Twitter-Clone/Pods-Twitter-Clone.release.xcconfig"; sourceTree = "<group>"; };
		14CEBEB7AA3AB7016D9EB9C5 /* Pods-Twitter-Clone.debug.xcconfig */ = {isa = PBXFileReference; includeInIndex = 1; lastKnownFileType = text.xcconfig; name = "Pods-Twitter-Clone.debug.xcconfig"; path = "Target Support Files/Pods-Twitter-Clone/Pods-Twitter-Clone.debug.xcconfig"; sourceTree = "<group>"; };
		7B9897E1275F696DD9719632 /* Pods_Twitter_Clone.framework */ = {isa = PBXFileReference; explicitFileType = wrapper.framework; includeInIndex = 0; path = Pods_Twitter_Clone.framework; sourceTree = BUILT_PRODUCTS_DIR; };
		D4A84EBF2902795E000B183A /* UserSerivce.swift */ = {isa = PBXFileReference; lastKnownFileType = sourcecode.swift; path = UserSerivce.swift; sourceTree = "<group>"; };
		D4A84EC1290286A8000B183A /* User.swift */ = {isa = PBXFileReference; lastKnownFileType = sourcecode.swift; path = User.swift; sourceTree = "<group>"; };
		D4A84EC32902BFB4000B183A /* UploadTweetController.swift */ = {isa = PBXFileReference; lastKnownFileType = sourcecode.swift; path = UploadTweetController.swift; sourceTree = "<group>"; };
		D4A84EC52902D91E000B183A /* CaptionTextView.swift */ = {isa = PBXFileReference; lastKnownFileType = sourcecode.swift; path = CaptionTextView.swift; sourceTree = "<group>"; };
		D4A84EC72902E554000B183A /* TweetService.swift */ = {isa = PBXFileReference; lastKnownFileType = sourcecode.swift; path = TweetService.swift; sourceTree = "<group>"; };
		D4A84EC92903C8D0000B183A /* Tweet.swift */ = {isa = PBXFileReference; lastKnownFileType = sourcecode.swift; path = Tweet.swift; sourceTree = "<group>"; };
		D4D424E728FD8F9B00C136B3 /* Twitter-Clone.app */ = {isa = PBXFileReference; explicitFileType = wrapper.application; includeInIndex = 0; path = "Twitter-Clone.app"; sourceTree = BUILT_PRODUCTS_DIR; };
		D4D424EA28FD8F9B00C136B3 /* AppDelegate.swift */ = {isa = PBXFileReference; lastKnownFileType = sourcecode.swift; path = AppDelegate.swift; sourceTree = "<group>"; };
		D4D424EC28FD8F9B00C136B3 /* SceneDelegate.swift */ = {isa = PBXFileReference; lastKnownFileType = sourcecode.swift; path = SceneDelegate.swift; sourceTree = "<group>"; };
		D4D424F128FD8F9B00C136B3 /* Base */ = {isa = PBXFileReference; lastKnownFileType = file.storyboard; name = Base; path = Base.lproj/Main.storyboard; sourceTree = "<group>"; };
		D4D424F328FD8F9D00C136B3 /* Assets.xcassets */ = {isa = PBXFileReference; lastKnownFileType = folder.assetcatalog; path = Assets.xcassets; sourceTree = "<group>"; };
		D4D424F628FD8F9D00C136B3 /* Base */ = {isa = PBXFileReference; lastKnownFileType = file.storyboard; name = Base; path = Base.lproj/LaunchScreen.storyboard; sourceTree = "<group>"; };
		D4D424F828FD8F9D00C136B3 /* Info.plist */ = {isa = PBXFileReference; lastKnownFileType = text.plist.xml; path = Info.plist; sourceTree = "<group>"; };
		D4D4250428FD90E600C136B3 /* MainTabController.swift */ = {isa = PBXFileReference; lastKnownFileType = sourcecode.swift; path = MainTabController.swift; sourceTree = "<group>"; };
		D4D4250628FEEC3800C136B3 /* FeedController.swift */ = {isa = PBXFileReference; lastKnownFileType = sourcecode.swift; path = FeedController.swift; sourceTree = "<group>"; };
		D4D4250828FEEC9100C136B3 /* ExploreController.swift */ = {isa = PBXFileReference; lastKnownFileType = sourcecode.swift; path = ExploreController.swift; sourceTree = "<group>"; };
		D4D4250A28FEECB500C136B3 /* NotificationsController.swift */ = {isa = PBXFileReference; lastKnownFileType = sourcecode.swift; path = NotificationsController.swift; sourceTree = "<group>"; };
		D4D4250C28FEECE400C136B3 /* ConversationsController.swift */ = {isa = PBXFileReference; lastKnownFileType = sourcecode.swift; path = ConversationsController.swift; sourceTree = "<group>"; };
		D4D4250E28FFDA6E00C136B3 /* Extensions.swift */ = {isa = PBXFileReference; lastKnownFileType = sourcecode.swift; path = Extensions.swift; sourceTree = "<group>"; };
		D4D4251129002AE600C136B3 /* LoginController.swift */ = {isa = PBXFileReference; lastKnownFileType = sourcecode.swift; path = LoginController.swift; sourceTree = "<group>"; };
		D4D4251329002B6200C136B3 /* RegistrationController.swift */ = {isa = PBXFileReference; lastKnownFileType = sourcecode.swift; path = RegistrationController.swift; sourceTree = "<group>"; };
		D4D425152900459D00C136B3 /* Utilities.swift */ = {isa = PBXFileReference; lastKnownFileType = sourcecode.swift; path = Utilities.swift; sourceTree = "<group>"; };
		D4D42517290086B500C136B3 /* GoogleService-Info.plist */ = {isa = PBXFileReference; fileEncoding = 4; lastKnownFileType = text.plist.xml; path = "GoogleService-Info.plist"; sourceTree = "<group>"; };
		D4D4251929019F2E00C136B3 /* Constants.swift */ = {isa = PBXFileReference; lastKnownFileType = sourcecode.swift; path = Constants.swift; sourceTree = "<group>"; };
		D4D4251B2901D83100C136B3 /* AuthService.swift */ = {isa = PBXFileReference; lastKnownFileType = sourcecode.swift; path = AuthService.swift; sourceTree = "<group>"; };
/* End PBXFileReference section */

/* Begin PBXFrameworksBuildPhase section */
		D4D424E428FD8F9B00C136B3 /* Frameworks */ = {
			isa = PBXFrameworksBuildPhase;
			buildActionMask = 2147483647;
			files = (
				3F66021BA5A114DEBFDF3868 /* Pods_Twitter_Clone.framework in Frameworks */,
			);
			runOnlyForDeploymentPostprocessing = 0;
		};
/* End PBXFrameworksBuildPhase section */

/* Begin PBXGroup section */
		767DF39387B2B64867304274 /* Pods */ = {
			isa = PBXGroup;
			children = (
				14CEBEB7AA3AB7016D9EB9C5 /* Pods-Twitter-Clone.debug.xcconfig */,
				0A9069EC0BBB1EDF13212081 /* Pods-Twitter-Clone.release.xcconfig */,
			);
			path = Pods;
			sourceTree = "<group>";
		};
		9CB462F8891A4B7994B41836 /* Frameworks */ = {
			isa = PBXGroup;
			children = (
				7B9897E1275F696DD9719632 /* Pods_Twitter_Clone.framework */,
			);
			name = Frameworks;
			sourceTree = "<group>";
		};
		D4D424DE28FD8F9B00C136B3 = {
			isa = PBXGroup;
			children = (
				D4D424E928FD8F9B00C136B3 /* Twitter-Clone */,
				D4D424E828FD8F9B00C136B3 /* Products */,
				767DF39387B2B64867304274 /* Pods */,
				9CB462F8891A4B7994B41836 /* Frameworks */,
			);
			sourceTree = "<group>";
		};
		D4D424E828FD8F9B00C136B3 /* Products */ = {
			isa = PBXGroup;
			children = (
				D4D424E728FD8F9B00C136B3 /* Twitter-Clone.app */,
			);
			name = Products;
			sourceTree = "<group>";
		};
		D4D424E928FD8F9B00C136B3 /* Twitter-Clone */ = {
			isa = PBXGroup;
			children = (
				D4D4250328FD8FF300C136B3 /* Model */,
				D4D4250228FD8FF100C136B3 /* View */,
				D4D4250128FD8FEF00C136B3 /* ViewModel */,
				D4D4250028FD8FEC00C136B3 /* Controller */,
				D4D424FF28FD8FEA00C136B3 /* API */,
				D4D424FE28FD8FDD00C136B3 /* Utils */,
				D4D424EA28FD8F9B00C136B3 /* AppDelegate.swift */,
				D4D424EC28FD8F9B00C136B3 /* SceneDelegate.swift */,
				D4D424F028FD8F9B00C136B3 /* Main.storyboard */,
				D4D424F328FD8F9D00C136B3 /* Assets.xcassets */,
				D4D424F528FD8F9D00C136B3 /* LaunchScreen.storyboard */,
				D4D42517290086B500C136B3 /* GoogleService-Info.plist */,
				D4D424F828FD8F9D00C136B3 /* Info.plist */,
			);
			path = "Twitter-Clone";
			sourceTree = "<group>";
		};
		D4D424FE28FD8FDD00C136B3 /* Utils */ = {
			isa = PBXGroup;
			children = (
				D4D4250E28FFDA6E00C136B3 /* Extensions.swift */,
				D4D425152900459D00C136B3 /* Utilities.swift */,
				D4D4251929019F2E00C136B3 /* Constants.swift */,
			);
			path = Utils;
			sourceTree = "<group>";
		};
		D4D424FF28FD8FEA00C136B3 /* API */ = {
			isa = PBXGroup;
			children = (
				D4D4251B2901D83100C136B3 /* AuthService.swift */,
				D4A84EBF2902795E000B183A /* UserSerivce.swift */,
				D4A84EC72902E554000B183A /* TweetService.swift */,
			);
			path = API;
			sourceTree = "<group>";
		};
		D4D4250028FD8FEC00C136B3 /* Controller */ = {
			isa = PBXGroup;
			children = (
				D4D4251029002ABB00C136B3 /* Authentication */,
				D4D4250428FD90E600C136B3 /* MainTabController.swift */,
				D4D4250628FEEC3800C136B3 /* FeedController.swift */,
				D4D4250828FEEC9100C136B3 /* ExploreController.swift */,
				D4D4250A28FEECB500C136B3 /* NotificationsController.swift */,
				D4D4250C28FEECE400C136B3 /* ConversationsController.swift */,
				D4A84EC32902BFB4000B183A /* UploadTweetController.swift */,
			);
			path = Controller;
			sourceTree = "<group>";
		};
		D4D4250128FD8FEF00C136B3 /* ViewModel */ = {
			isa = PBXGroup;
			children = (
			);
			path = ViewModel;
			sourceTree = "<group>";
		};
		D4D4250228FD8FF100C136B3 /* View */ = {
			isa = PBXGroup;
			children = (
				D4A84EC52902D91E000B183A /* CaptionTextView.swift */,
			);
			path = View;
			sourceTree = "<group>";
		};
		D4D4250328FD8FF300C136B3 /* Model */ = {
			isa = PBXGroup;
			children = (
				D4A84EC1290286A8000B183A /* User.swift */,
				D4A84EC92903C8D0000B183A /* Tweet.swift */,
			);
			path = Model;
			sourceTree = "<group>";
		};
		D4D4251029002ABB00C136B3 /* Authentication */ = {
			isa = PBXGroup;
			children = (
				D4D4251129002AE600C136B3 /* LoginController.swift */,
				D4D4251329002B6200C136B3 /* RegistrationController.swift */,
			);
			path = Authentication;
			sourceTree = "<group>";
		};
/* End PBXGroup section */

/* Begin PBXNativeTarget section */
		D4D424E628FD8F9B00C136B3 /* Twitter-Clone */ = {
			isa = PBXNativeTarget;
			buildConfigurationList = D4D424FB28FD8F9D00C136B3 /* Build configuration list for PBXNativeTarget "Twitter-Clone" */;
			buildPhases = (
				20F1F401F3ACB6F2E6FEE18E /* [CP] Check Pods Manifest.lock */,
				D4D424E328FD8F9B00C136B3 /* Sources */,
				D4D424E428FD8F9B00C136B3 /* Frameworks */,
				D4D424E528FD8F9B00C136B3 /* Resources */,
				7B91DFBD40D00CCFCCD7C612 /* [CP] Embed Pods Frameworks */,
			);
			buildRules = (
			);
			dependencies = (
			);
			name = "Twitter-Clone";
			productName = "Twitter-Clone";
			productReference = D4D424E728FD8F9B00C136B3 /* Twitter-Clone.app */;
			productType = "com.apple.product-type.application";
		};
/* End PBXNativeTarget section */

/* Begin PBXProject section */
		D4D424DF28FD8F9B00C136B3 /* Project object */ = {
			isa = PBXProject;
			attributes = {
				BuildIndependentTargetsInParallel = 1;
				LastSwiftUpdateCheck = 1340;
				LastUpgradeCheck = 1340;
				TargetAttributes = {
					D4D424E628FD8F9B00C136B3 = {
						CreatedOnToolsVersion = 13.4;
					};
				};
			};
			buildConfigurationList = D4D424E228FD8F9B00C136B3 /* Build configuration list for PBXProject "Twitter-Clone" */;
			compatibilityVersion = "Xcode 13.0";
			developmentRegion = en;
			hasScannedForEncodings = 0;
			knownRegions = (
				en,
				Base,
			);
			mainGroup = D4D424DE28FD8F9B00C136B3;
			productRefGroup = D4D424E828FD8F9B00C136B3 /* Products */;
			projectDirPath = "";
			projectRoot = "";
			targets = (
				D4D424E628FD8F9B00C136B3 /* Twitter-Clone */,
			);
		};
/* End PBXProject section */

/* Begin PBXResourcesBuildPhase section */
		D4D424E528FD8F9B00C136B3 /* Resources */ = {
			isa = PBXResourcesBuildPhase;
			buildActionMask = 2147483647;
			files = (
				D4D424F728FD8F9D00C136B3 /* LaunchScreen.storyboard in Resources */,
				D4D42518290086B500C136B3 /* GoogleService-Info.plist in Resources */,
				D4D424F428FD8F9D00C136B3 /* Assets.xcassets in Resources */,
				D4D424F228FD8F9B00C136B3 /* Main.storyboard in Resources */,
			);
			runOnlyForDeploymentPostprocessing = 0;
		};
/* End PBXResourcesBuildPhase section */

/* Begin PBXShellScriptBuildPhase section */
		20F1F401F3ACB6F2E6FEE18E /* [CP] Check Pods Manifest.lock */ = {
			isa = PBXShellScriptBuildPhase;
			buildActionMask = 2147483647;
			files = (
			);
			inputFileListPaths = (
			);
			inputPaths = (
				"${PODS_PODFILE_DIR_PATH}/Podfile.lock",
				"${PODS_ROOT}/Manifest.lock",
			);
			name = "[CP] Check Pods Manifest.lock";
			outputFileListPaths = (
			);
			outputPaths = (
				"$(DERIVED_FILE_DIR)/Pods-Twitter-Clone-checkManifestLockResult.txt",
			);
			runOnlyForDeploymentPostprocessing = 0;
			shellPath = /bin/sh;
			shellScript = "diff \"${PODS_PODFILE_DIR_PATH}/Podfile.lock\" \"${PODS_ROOT}/Manifest.lock\" > /dev/null\nif [ $? != 0 ] ; then\n    # print error to STDERR\n    echo \"error: The sandbox is not in sync with the Podfile.lock. Run 'pod install' or update your CocoaPods installation.\" >&2\n    exit 1\nfi\n# This output is used by Xcode 'outputs' to avoid re-running this script phase.\necho \"SUCCESS\" > \"${SCRIPT_OUTPUT_FILE_0}\"\n";
			showEnvVarsInLog = 0;
		};
		7B91DFBD40D00CCFCCD7C612 /* [CP] Embed Pods Frameworks */ = {
			isa = PBXShellScriptBuildPhase;
			buildActionMask = 2147483647;
			files = (
			);
			inputFileListPaths = (
				"${PODS_ROOT}/Target Support Files/Pods-Twitter-Clone/Pods-Twitter-Clone-frameworks-${CONFIGURATION}-input-files.xcfilelist",
			);
			name = "[CP] Embed Pods Frameworks";
			outputFileListPaths = (
				"${PODS_ROOT}/Target Support Files/Pods-Twitter-Clone/Pods-Twitter-Clone-frameworks-${CONFIGURATION}-output-files.xcfilelist",
			);
			runOnlyForDeploymentPostprocessing = 0;
			shellPath = /bin/sh;
			shellScript = "\"${PODS_ROOT}/Target Support Files/Pods-Twitter-Clone/Pods-Twitter-Clone-frameworks.sh\"\n";
			showEnvVarsInLog = 0;
		};
/* End PBXShellScriptBuildPhase section */

/* Begin PBXSourcesBuildPhase section */
		D4D424E328FD8F9B00C136B3 /* Sources */ = {
			isa = PBXSourcesBuildPhase;
			buildActionMask = 2147483647;
			files = (
				D4D4250B28FEECB500C136B3 /* NotificationsController.swift in Sources */,
				D4D4250D28FEECE400C136B3 /* ConversationsController.swift in Sources */,
				D4A84EC62902D91E000B183A /* CaptionTextView.swift in Sources */,
				D4D425162900459D00C136B3 /* Utilities.swift in Sources */,
				D4D424EB28FD8F9B00C136B3 /* AppDelegate.swift in Sources */,
				D4D4250F28FFDA6E00C136B3 /* Extensions.swift in Sources */,
				D4D4251229002AE600C136B3 /* LoginController.swift in Sources */,
				D4D4251C2901D83100C136B3 /* AuthService.swift in Sources */,
				D4D4250928FEEC9100C136B3 /* ExploreController.swift in Sources */,
				D4A84EC42902BFB4000B183A /* UploadTweetController.swift in Sources */,
				D4A84EC2290286A8000B183A /* User.swift in Sources */,
				D4D424ED28FD8F9B00C136B3 /* SceneDelegate.swift in Sources */,
				D4D4250528FD90E600C136B3 /* MainTabController.swift in Sources */,
				D4D4251429002B6200C136B3 /* RegistrationController.swift in Sources */,
				D4D4250728FEEC3800C136B3 /* FeedController.swift in Sources */,
				D4A84EC02902795E000B183A /* UserSerivce.swift in Sources */,
				D4D4251A29019F2E00C136B3 /* Constants.swift in Sources */,
				D4A84ECA2903C8D0000B183A /* Tweet.swift in Sources */,
				D4A84EC82902E554000B183A /* TweetService.swift in Sources */,
			);
			runOnlyForDeploymentPostprocessing = 0;
		};
/* End PBXSourcesBuildPhase section */

/* Begin PBXVariantGroup section */
		D4D424F028FD8F9B00C136B3 /* Main.storyboard */ = {
			isa = PBXVariantGroup;
			children = (
				D4D424F128FD8F9B00C136B3 /* Base */,
			);
			name = Main.storyboard;
			sourceTree = "<group>";
		};
		D4D424F528FD8F9D00C136B3 /* LaunchScreen.storyboard */ = {
			isa = PBXVariantGroup;
			children = (
				D4D424F628FD8F9D00C136B3 /* Base */,
			);
			name = LaunchScreen.storyboard;
			sourceTree = "<group>";
		};
/* End PBXVariantGroup section */

/* Begin XCBuildConfiguration section */
		D4D424F928FD8F9D00C136B3 /* Debug */ = {
			isa = XCBuildConfiguration;
			buildSettings = {
				ALWAYS_SEARCH_USER_PATHS = NO;
				CLANG_ANALYZER_NONNULL = YES;
				CLANG_ANALYZER_NUMBER_OBJECT_CONVERSION = YES_AGGRESSIVE;
				CLANG_CXX_LANGUAGE_STANDARD = "gnu++17";
				CLANG_ENABLE_MODULES = YES;
				CLANG_ENABLE_OBJC_ARC = YES;
				CLANG_ENABLE_OBJC_WEAK = YES;
				CLANG_WARN_BLOCK_CAPTURE_AUTORELEASING = YES;
				CLANG_WARN_BOOL_CONVERSION = YES;
				CLANG_WARN_COMMA = YES;
				CLANG_WARN_CONSTANT_CONVERSION = YES;
				CLANG_WARN_DEPRECATED_OBJC_IMPLEMENTATIONS = YES;
				CLANG_WARN_DIRECT_OBJC_ISA_USAGE = YES_ERROR;
				CLANG_WARN_DOCUMENTATION_COMMENTS = YES;
				CLANG_WARN_EMPTY_BODY = YES;
				CLANG_WARN_ENUM_CONVERSION = YES;
				CLANG_WARN_INFINITE_RECURSION = YES;
				CLANG_WARN_INT_CONVERSION = YES;
				CLANG_WARN_NON_LITERAL_NULL_CONVERSION = YES;
				CLANG_WARN_OBJC_IMPLICIT_RETAIN_SELF = YES;
				CLANG_WARN_OBJC_LITERAL_CONVERSION = YES;
				CLANG_WARN_OBJC_ROOT_CLASS = YES_ERROR;
				CLANG_WARN_QUOTED_INCLUDE_IN_FRAMEWORK_HEADER = YES;
				CLANG_WARN_RANGE_LOOP_ANALYSIS = YES;
				CLANG_WARN_STRICT_PROTOTYPES = YES;
				CLANG_WARN_SUSPICIOUS_MOVE = YES;
				CLANG_WARN_UNGUARDED_AVAILABILITY = YES_AGGRESSIVE;
				CLANG_WARN_UNREACHABLE_CODE = YES;
				CLANG_WARN__DUPLICATE_METHOD_MATCH = YES;
				COPY_PHASE_STRIP = NO;
				DEBUG_INFORMATION_FORMAT = dwarf;
				ENABLE_STRICT_OBJC_MSGSEND = YES;
				ENABLE_TESTABILITY = YES;
				GCC_C_LANGUAGE_STANDARD = gnu11;
				GCC_DYNAMIC_NO_PIC = NO;
				GCC_NO_COMMON_BLOCKS = YES;
				GCC_OPTIMIZATION_LEVEL = 0;
				GCC_PREPROCESSOR_DEFINITIONS = (
					"DEBUG=1",
					"$(inherited)",
				);
				GCC_WARN_64_TO_32_BIT_CONVERSION = YES;
				GCC_WARN_ABOUT_RETURN_TYPE = YES_ERROR;
				GCC_WARN_UNDECLARED_SELECTOR = YES;
				GCC_WARN_UNINITIALIZED_AUTOS = YES_AGGRESSIVE;
				GCC_WARN_UNUSED_FUNCTION = YES;
				GCC_WARN_UNUSED_VARIABLE = YES;
				IPHONEOS_DEPLOYMENT_TARGET = 15.5;
				MTL_ENABLE_DEBUG_INFO = INCLUDE_SOURCE;
				MTL_FAST_MATH = YES;
				ONLY_ACTIVE_ARCH = YES;
				SDKROOT = iphoneos;
				SWIFT_ACTIVE_COMPILATION_CONDITIONS = DEBUG;
				SWIFT_OPTIMIZATION_LEVEL = "-Onone";
			};
			name = Debug;
		};
		D4D424FA28FD8F9D00C136B3 /* Release */ = {
			isa = XCBuildConfiguration;
			buildSettings = {
				ALWAYS_SEARCH_USER_PATHS = NO;
				CLANG_ANALYZER_NONNULL = YES;
				CLANG_ANALYZER_NUMBER_OBJECT_CONVERSION = YES_AGGRESSIVE;
				CLANG_CXX_LANGUAGE_STANDARD = "gnu++17";
				CLANG_ENABLE_MODULES = YES;
				CLANG_ENABLE_OBJC_ARC = YES;
				CLANG_ENABLE_OBJC_WEAK = YES;
				CLANG_WARN_BLOCK_CAPTURE_AUTORELEASING = YES;
				CLANG_WARN_BOOL_CONVERSION = YES;
				CLANG_WARN_COMMA = YES;
				CLANG_WARN_CONSTANT_CONVERSION = YES;
				CLANG_WARN_DEPRECATED_OBJC_IMPLEMENTATIONS = YES;
				CLANG_WARN_DIRECT_OBJC_ISA_USAGE = YES_ERROR;
				CLANG_WARN_DOCUMENTATION_COMMENTS = YES;
				CLANG_WARN_EMPTY_BODY = YES;
				CLANG_WARN_ENUM_CONVERSION = YES;
				CLANG_WARN_INFINITE_RECURSION = YES;
				CLANG_WARN_INT_CONVERSION = YES;
				CLANG_WARN_NON_LITERAL_NULL_CONVERSION = YES;
				CLANG_WARN_OBJC_IMPLICIT_RETAIN_SELF = YES;
				CLANG_WARN_OBJC_LITERAL_CONVERSION = YES;
				CLANG_WARN_OBJC_ROOT_CLASS = YES_ERROR;
				CLANG_WARN_QUOTED_INCLUDE_IN_FRAMEWORK_HEADER = YES;
				CLANG_WARN_RANGE_LOOP_ANALYSIS = YES;
				CLANG_WARN_STRICT_PROTOTYPES = YES;
				CLANG_WARN_SUSPICIOUS_MOVE = YES;
				CLANG_WARN_UNGUARDED_AVAILABILITY = YES_AGGRESSIVE;
				CLANG_WARN_UNREACHABLE_CODE = YES;
				CLANG_WARN__DUPLICATE_METHOD_MATCH = YES;
				COPY_PHASE_STRIP = NO;
				DEBUG_INFORMATION_FORMAT = "dwarf-with-dsym";
				ENABLE_NS_ASSERTIONS = NO;
				ENABLE_STRICT_OBJC_MSGSEND = YES;
				GCC_C_LANGUAGE_STANDARD = gnu11;
				GCC_NO_COMMON_BLOCKS = YES;
				GCC_WARN_64_TO_32_BIT_CONVERSION = YES;
				GCC_WARN_ABOUT_RETURN_TYPE = YES_ERROR;
				GCC_WARN_UNDECLARED_SELECTOR = YES;
				GCC_WARN_UNINITIALIZED_AUTOS = YES_AGGRESSIVE;
				GCC_WARN_UNUSED_FUNCTION = YES;
				GCC_WARN_UNUSED_VARIABLE = YES;
				IPHONEOS_DEPLOYMENT_TARGET = 15.5;
				MTL_ENABLE_DEBUG_INFO = NO;
				MTL_FAST_MATH = YES;
				SDKROOT = iphoneos;
				SWIFT_COMPILATION_MODE = wholemodule;
				SWIFT_OPTIMIZATION_LEVEL = "-O";
				VALIDATE_PRODUCT = YES;
			};
			name = Release;
		};
		D4D424FC28FD8F9D00C136B3 /* Debug */ = {
			isa = XCBuildConfiguration;
			baseConfigurationReference = 14CEBEB7AA3AB7016D9EB9C5 /* Pods-Twitter-Clone.debug.xcconfig */;
			buildSettings = {
				ASSETCATALOG_COMPILER_APPICON_NAME = AppIcon;
				ASSETCATALOG_COMPILER_GLOBAL_ACCENT_COLOR_NAME = AccentColor;
				CODE_SIGN_STYLE = Automatic;
				CURRENT_PROJECT_VERSION = 1;
				DEVELOPMENT_TEAM = 23DK26FW4N;
				GENERATE_INFOPLIST_FILE = YES;
				INFOPLIST_FILE = "Twitter-Clone/Info.plist";
				INFOPLIST_KEY_UIApplicationSupportsIndirectInputEvents = YES;
				INFOPLIST_KEY_UILaunchStoryboardName = LaunchScreen;
				INFOPLIST_KEY_UIMainStoryboardFile = Main;
				INFOPLIST_KEY_UISupportedInterfaceOrientations_iPad = "UIInterfaceOrientationPortrait UIInterfaceOrientationPortraitUpsideDown UIInterfaceOrientationLandscapeLeft UIInterfaceOrientationLandscapeRight";
				INFOPLIST_KEY_UISupportedInterfaceOrientations_iPhone = "UIInterfaceOrientationPortrait UIInterfaceOrientationLandscapeLeft UIInterfaceOrientationLandscapeRight";
				LD_RUNPATH_SEARCH_PATHS = (
					"$(inherited)",
					"@executable_path/Frameworks",
				);
				MARKETING_VERSION = 1.0;
				PRODUCT_BUNDLE_IDENTIFIER = "com.choijaegwon.Twitter-Clone";
				PRODUCT_NAME = "$(TARGET_NAME)";
				SWIFT_EMIT_LOC_STRINGS = YES;
				SWIFT_VERSION = 5.0;
				TARGETED_DEVICE_FAMILY = "1,2";
			};
			name = Debug;
		};
		D4D424FD28FD8F9D00C136B3 /* Release */ = {
			isa = XCBuildConfiguration;
			baseConfigurationReference = 0A9069EC0BBB1EDF13212081 /* Pods-Twitter-Clone.release.xcconfig */;
			buildSettings = {
				ASSETCATALOG_COMPILER_APPICON_NAME = AppIcon;
				ASSETCATALOG_COMPILER_GLOBAL_ACCENT_COLOR_NAME = AccentColor;
				CODE_SIGN_STYLE = Automatic;
				CURRENT_PROJECT_VERSION = 1;
				DEVELOPMENT_TEAM = 23DK26FW4N;
				GENERATE_INFOPLIST_FILE = YES;
				INFOPLIST_FILE = "Twitter-Clone/Info.plist";
				INFOPLIST_KEY_UIApplicationSupportsIndirectInputEvents = YES;
				INFOPLIST_KEY_UILaunchStoryboardName = LaunchScreen;
				INFOPLIST_KEY_UIMainStoryboardFile = Main;
				INFOPLIST_KEY_UISupportedInterfaceOrientations_iPad = "UIInterfaceOrientationPortrait UIInterfaceOrientationPortraitUpsideDown UIInterfaceOrientationLandscapeLeft UIInterfaceOrientationLandscapeRight";
				INFOPLIST_KEY_UISupportedInterfaceOrientations_iPhone = "UIInterfaceOrientationPortrait UIInterfaceOrientationLandscapeLeft UIInterfaceOrientationLandscapeRight";
				LD_RUNPATH_SEARCH_PATHS = (
					"$(inherited)",
					"@executable_path/Frameworks",
				);
				MARKETING_VERSION = 1.0;
				PRODUCT_BUNDLE_IDENTIFIER = "com.choijaegwon.Twitter-Clone";
				PRODUCT_NAME = "$(TARGET_NAME)";
				SWIFT_EMIT_LOC_STRINGS = YES;
				SWIFT_VERSION = 5.0;
				TARGETED_DEVICE_FAMILY = "1,2";
			};
			name = Release;
		};
/* End XCBuildConfiguration section */

/* Begin XCConfigurationList section */
		D4D424E228FD8F9B00C136B3 /* Build configuration list for PBXProject "Twitter-Clone" */ = {
			isa = XCConfigurationList;
			buildConfigurations = (
				D4D424F928FD8F9D00C136B3 /* Debug */,
				D4D424FA28FD8F9D00C136B3 /* Release */,
			);
			defaultConfigurationIsVisible = 0;
			defaultConfigurationName = Release;
		};
		D4D424FB28FD8F9D00C136B3 /* Build configuration list for PBXNativeTarget "Twitter-Clone" */ = {
			isa = XCConfigurationList;
			buildConfigurations = (
				D4D424FC28FD8F9D00C136B3 /* Debug */,
				D4D424FD28FD8F9D00C136B3 /* Release */,
			);
			defaultConfigurationIsVisible = 0;
			defaultConfigurationName = Release;
		};
/* End XCConfigurationList section */
	};
	rootObject = D4D424DF28FD8F9B00C136B3 /* Project object */;
}
